
Microsoft Visual Studio Solution File, Format Version 12.00
# Visual Studio Version 16
VisualStudioVersion = 16.0.30804.86
MinimumVisualStudioVersion = 10.0.40219.1
Project("{FAE04EC0-301F-11D3-BF4B-00C04F79EFBC}") = "AppCsharpWithFirebase", "AppCsharpWithFirebase\AppCsharpWithFirebase.csproj", "{F64FBEE3-7D06-46E8-A04A-B19717F0BA79}"
EndProject
Global
	GlobalSection(SolutionConfigurationPlatforms) = preSolution
		Debug|Any CPU = Debug|Any CPU
		Release|Any CPU = Release|Any CPU
	EndGlobalSection
	GlobalSection(ProjectConfigurationPlatforms) = postSolution
		{F64FBEE3-7D06-46E8-A04A-B19717F0BA79}.Debug|Any CPU.ActiveCfg = Debug|Any CPU
		{F64FBEE3-7D06-46E8-A04A-B19717F0BA79}.Debug|Any CPU.Build.0 = Debug|Any CPU
		{F64FBEE3-7D06-46E8-A04A-B19717F0BA79}.Release|Any CPU.ActiveCfg = Release|Any CPU
		{F64FBEE3-7D06-46E8-A04A-B19717F0BA79}.Release|Any CPU.Build.0 = Release|Any CPU
	EndGlobalSection
	GlobalSection(SolutionProperties) = preSolution
		HideSolutionNode = FALSE
	EndGlobalSection
	GlobalSection(ExtensibilityGlobals) = postSolution
		SolutionGuid = {29C334A3-37BF-43A8-8154-AD7B48BD8860}
	EndGlobalSection
EndGlobal
